
Microsoft Visual Studio Solution File, Format Version 12.00
# Visual Studio Version 17
VisualStudioVersion = 17.8.34511.84
MinimumVisualStudioVersion = 10.0.40219.1
Project("{FAE04EC0-301F-11D3-BF4B-00C04F79EFBC}") = "Assets", "Assets\Assets.csproj", "{9803F5EB-FAAF-41B7-9486-2A3CEEE2EA70}"
EndProject
Project("{FAE04EC0-301F-11D3-BF4B-00C04F79EFBC}") = "ConsoleClient", "ConsoleClient\ConsoleClient.csproj", "{20215BC9-31E6-46CE-B9ED-79079DFBFFE4}"
EndProject
Project("{FAE04EC0-301F-11D3-BF4B-00C04F79EFBC}") = "Tools", "Tools\Tools.csproj", "{65D13C09-E238-4DD5-96D9-BAC74D216B83}"
EndProject
Global
	GlobalSection(SolutionConfigurationPlatforms) = preSolution
		Debug|Any CPU = Debug|Any CPU
		Release|Any CPU = Release|Any CPU
	EndGlobalSection
	GlobalSection(ProjectConfigurationPlatforms) = postSolution
		{9803F5EB-FAAF-41B7-9486-2A3CEEE2EA70}.Debug|Any CPU.ActiveCfg = Debug|Any CPU
		{9803F5EB-FAAF-41B7-9486-2A3CEEE2EA70}.Debug|Any CPU.Build.0 = Debug|Any CPU
		{9803F5EB-FAAF-41B7-9486-2A3CEEE2EA70}.Release|Any CPU.ActiveCfg = Release|Any CPU
		{9803F5EB-FAAF-41B7-9486-2A3CEEE2EA70}.Release|Any CPU.Build.0 = Release|Any CPU
		{20215BC9-31E6-46CE-B9ED-79079DFBFFE4}.Debug|Any CPU.ActiveCfg = Debug|Any CPU
		{20215BC9-31E6-46CE-B9ED-79079DFBFFE4}.Debug|Any CPU.Build.0 = Debug|Any CPU
		{20215BC9-31E6-46CE-B9ED-79079DFBFFE4}.Release|Any CPU.ActiveCfg = Release|Any CPU
		{20215BC9-31E6-46CE-B9ED-79079DFBFFE4}.Release|Any CPU.Build.0 = Release|Any CPU
		{65D13C09-E238-4DD5-96D9-BAC74D216B83}.Debug|Any CPU.ActiveCfg = Debug|Any CPU
		{65D13C09-E238-4DD5-96D9-BAC74D216B83}.Debug|Any CPU.Build.0 = Debug|Any CPU
		{65D13C09-E238-4DD5-96D9-BAC74D216B83}.Release|Any CPU.ActiveCfg = Release|Any CPU
		{65D13C09-E238-4DD5-96D9-BAC74D216B83}.Release|Any CPU.Build.0 = Release|Any CPU
	EndGlobalSection
	GlobalSection(SolutionProperties) = preSolution
		HideSolutionNode = FALSE
	EndGlobalSection
	GlobalSection(ExtensibilityGlobals) = postSolution
		SolutionGuid = {92B03737-71E4-4E50-A9A1-09DBAD9D9B9A}
	EndGlobalSection
EndGlobal
